github.com/visualfc/atk v1.0.1 h1:Q+bK/Hi0QkpTTBqH9Gbb5MBQA+BoMA8PWGZL+cUR1Yw=
github.com/visualfc/atk v1.0.1/go.mod h1:0NCFV+eXmDRJX4YWCpe2oH0AEORvWuvhxI5QbGqmc3Q=
github.com/visualfc/atk v1.1.0 h1:yPZ+ybRlFg/AzTPHSqzYjIqe3P1UEkAscO5xdoWOfRw=
github.com/visualfc/atk v1.1.0/go.mod h1:0NCFV+eXmDRJX4YWCpe2oH0AEORvWuvhxI5QbGqmc3Q=
